
Microsoft Visual Studio Solution File, Format Version 12.00
# Visual Studio 15
VisualStudioVersion = 15.0.26730.16
MinimumVisualStudioVersion = 10.0.40219.1
Project("{FAE04EC0-301F-11D3-BF4B-00C04F79EFBC}") = "ModApp", "ModApp.csproj", "{C619D7DE-9772-42F7-A4A1-434C36BEBD94}"
EndProject
Global
	GlobalSection(SolutionConfigurationPlatforms) = preSolution
		Debug|Any CPU = Debug|Any CPU
		Release|Any CPU = Release|Any CPU
	EndGlobalSection
	GlobalSection(ProjectConfigurationPlatforms) = postSolution
		{C619D7DE-9772-42F7-A4A1-434C36BEBD94}.Debug|Any CPU.ActiveCfg = Debug|Any CPU
		{C619D7DE-9772-42F7-A4A1-434C36BEBD94}.Debug|Any CPU.Build.0 = Debug|Any CPU
		{C619D7DE-9772-42F7-A4A1-434C36BEBD94}.Release|Any CPU.ActiveCfg = Release|Any CPU
		{C619D7DE-9772-42F7-A4A1-434C36BEBD94}.Release|Any CPU.Build.0 = Release|Any CPU
	EndGlobalSection
	GlobalSection(SolutionProperties) = preSolution
		HideSolutionNode = FALSE
	EndGlobalSection
	GlobalSection(ExtensibilityGlobals) = postSolution
		SolutionGuid = {23C564C9-08DC-4D5C-B345-3305AC6B4DBC}
	EndGlobalSection
EndGlobal
